
Microsoft Visual Studio Solution File, Format Version 12.00
# Visual Studio Version 16
VisualStudioVersion = 16.0.34407.143
MinimumVisualStudioVersion = 10.0.40219.1
Project("{FAE04EC0-301F-11D3-BF4B-00C04F79EFBC}") = "StudentApp", "StudentApp\StudentApp.csproj", "{ABA165B3-1BA6-4D06-9FBC-451D206AE50E}"
EndProject
Project("{FAE04EC0-301F-11D3-BF4B-00C04F79EFBC}") = "StudentApp.Core", "StudentApp.Core\StudentApp.Core.csproj", "{FDEBEDEE-1333-4E8F-9F8A-0AFCE04410B1}"
EndProject
Project("{FAE04EC0-301F-11D3-BF4B-00C04F79EFBC}") = "StudentApp.BAL", "StudentApp.BAL\StudentApp.BAL.csproj", "{DF14112F-63B1-4CA1-86F7-BF7D193792BC}"
EndProject
Project("{FAE04EC0-301F-11D3-BF4B-00C04F79EFBC}") = "StudentApp.DAL", "StudentApp.DAL\StudentApp.DAL.csproj", "{F48B310A-7776-44B7-B731-850ED53CEF35}"
EndProject
Global
	GlobalSection(SolutionConfigurationPlatforms) = preSolution
		Debug|Any CPU = Debug|Any CPU
		Release|Any CPU = Release|Any CPU
	EndGlobalSection
	GlobalSection(ProjectConfigurationPlatforms) = postSolution
		{ABA165B3-1BA6-4D06-9FBC-451D206AE50E}.Debug|Any CPU.ActiveCfg = Debug|Any CPU
		{ABA165B3-1BA6-4D06-9FBC-451D206AE50E}.Debug|Any CPU.Build.0 = Debug|Any CPU
		{ABA165B3-1BA6-4D06-9FBC-451D206AE50E}.Release|Any CPU.ActiveCfg = Release|Any CPU
		{ABA165B3-1BA6-4D06-9FBC-451D206AE50E}.Release|Any CPU.Build.0 = Release|Any CPU
		{FDEBEDEE-1333-4E8F-9F8A-0AFCE04410B1}.Debug|Any CPU.ActiveCfg = Debug|Any CPU
		{FDEBEDEE-1333-4E8F-9F8A-0AFCE04410B1}.Debug|Any CPU.Build.0 = Debug|Any CPU
		{FDEBEDEE-1333-4E8F-9F8A-0AFCE04410B1}.Release|Any CPU.ActiveCfg = Release|Any CPU
		{FDEBEDEE-1333-4E8F-9F8A-0AFCE04410B1}.Release|Any CPU.Build.0 = Release|Any CPU
		{DF14112F-63B1-4CA1-86F7-BF7D193792BC}.Debug|Any CPU.ActiveCfg = Debug|Any CPU
		{DF14112F-63B1-4CA1-86F7-BF7D193792BC}.Debug|Any CPU.Build.0 = Debug|Any CPU
		{DF14112F-63B1-4CA1-86F7-BF7D193792BC}.Release|Any CPU.ActiveCfg = Release|Any CPU
		{DF14112F-63B1-4CA1-86F7-BF7D193792BC}.Release|Any CPU.Build.0 = Release|Any CPU
		{F48B310A-7776-44B7-B731-850ED53CEF35}.Debug|Any CPU.ActiveCfg = Debug|Any CPU
		{F48B310A-7776-44B7-B731-850ED53CEF35}.Debug|Any CPU.Build.0 = Debug|Any CPU
		{F48B310A-7776-44B7-B731-850ED53CEF35}.Release|Any CPU.ActiveCfg = Release|Any CPU
		{F48B310A-7776-44B7-B731-850ED53CEF35}.Release|Any CPU.Build.0 = Release|Any CPU
	EndGlobalSection
	GlobalSection(SolutionProperties) = preSolution
		HideSolutionNode = FALSE
	EndGlobalSection
	GlobalSection(ExtensibilityGlobals) = postSolution
		SolutionGuid = {4BDA0062-3B7A-436B-9D06-DFD0301A4133}
	EndGlobalSection
EndGlobal
